// !$*UTF8*$!
{
	archiveVersion = 1;
	classes = {
	};
	objectVersion = 46;
	objects = {

/* Begin PBXBuildFile section */
		52149C2F1B3424EE00C525A0 /* DrivePath.m in Sources */ = {isa = PBXBuildFile; fileRef = 52149C2E1B3424EE00C525A0 /* DrivePath.m */; };
		52149C331B34285200C525A0 /* StartDriveViewController.m in Sources */ = {isa = PBXBuildFile; fileRef = 52149C321B34285200C525A0 /* StartDriveViewController.m */; };
		52149C371B34288800C525A0 /* RecordDriveViewController.m in Sources */ = {isa = PBXBuildFile; fileRef = 52149C361B34288800C525A0 /* RecordDriveViewController.m */; };
		52149C3B1B34307E00C525A0 /* TripInfoViewController.m in Sources */ = {isa = PBXBuildFile; fileRef = 52149C3A1B34307E00C525A0 /* TripInfoViewController.m */; };
		52149C3F1B3430C300C525A0 /* RDHelper.m in Sources */ = {isa = PBXBuildFile; fileRef = 52149C3E1B3430C300C525A0 /* RDHelper.m */; };
		52149C431B34346800C525A0 /* MathController.m in Sources */ = {isa = PBXBuildFile; fileRef = 52149C421B34346800C525A0 /* MathController.m */; };
		52149C481B34C6E300C525A0 /* TripHistoryViewController.m in Sources */ = {isa = PBXBuildFile; fileRef = 52149C471B34C6E300C525A0 /* TripHistoryViewController.m */; };
		52149C4C1B34C71600C525A0 /* TripDetailViewController.m in Sources */ = {isa = PBXBuildFile; fileRef = 52149C4B1B34C71600C525A0 /* TripDetailViewController.m */; };
		5226293F1B31B7D500747F43 /* main.m in Sources */ = {isa = PBXBuildFile; fileRef = 5226293E1B31B7D500747F43 /* main.m */; };
		522629481B31B7D500747F43 /* Main.storyboard in Resources */ = {isa = PBXBuildFile; fileRef = 522629461B31B7D500747F43 /* Main.storyboard */; };
		5226294A1B31B7D500747F43 /* Images.xcassets in Resources */ = {isa = PBXBuildFile; fileRef = 522629491B31B7D500747F43 /* Images.xcassets */; };
		5226294D1B31B7D500747F43 /* LaunchScreen.xib in Resources */ = {isa = PBXBuildFile; fileRef = 5226294B1B31B7D500747F43 /* LaunchScreen.xib */; };
		522629591B31B7D500747F43 /* H2_Tech_DriveTests.m in Sources */ = {isa = PBXBuildFile; fileRef = 522629581B31B7D500747F43 /* H2_Tech_DriveTests.m */; };
		5226296A1B31B8BB00747F43 /* AppDelegate.m in Sources */ = {isa = PBXBuildFile; fileRef = 522629661B31B8BB00747F43 /* AppDelegate.m */; };
		5226296B1B31B8BB00747F43 /* ViewController.m in Sources */ = {isa = PBXBuildFile; fileRef = 522629691B31B8BB00747F43 /* ViewController.m */; };
		5226296D1B31BA1A00747F43 /* MapKit.framework in Frameworks */ = {isa = PBXBuildFile; fileRef = 5226296C1B31BA1A00747F43 /* MapKit.framework */; };
		528D95061B3949E5007CFB37 /* AFHTTPRequestOperation.m in Sources */ = {isa = PBXBuildFile; fileRef = 528D94D01B3949E5007CFB37 /* AFHTTPRequestOperation.m */; };
		528D95071B3949E5007CFB37 /* AFHTTPRequestOperationManager.m in Sources */ = {isa = PBXBuildFile; fileRef = 528D94D21B3949E5007CFB37 /* AFHTTPRequestOperationManager.m */; };
		528D95081B3949E5007CFB37 /* AFHTTPSessionManager.m in Sources */ = {isa = PBXBuildFile; fileRef = 528D94D41B3949E5007CFB37 /* AFHTTPSessionManager.m */; };
		528D95091B3949E5007CFB37 /* AFNetworkReachabilityManager.m in Sources */ = {isa = PBXBuildFile; fileRef = 528D94D71B3949E5007CFB37 /* AFNetworkReachabilityManager.m */; };
		528D950A1B3949E5007CFB37 /* AFSecurityPolicy.m in Sources */ = {isa = PBXBuildFile; fileRef = 528D94D91B3949E5007CFB37 /* AFSecurityPolicy.m */; };
		528D950B1B3949E5007CFB37 /* AFURLConnectionOperation.m in Sources */ = {isa = PBXBuildFile; fileRef = 528D94DB1B3949E5007CFB37 /* AFURLConnectionOperation.m */; };
		528D950C1B3949E5007CFB37 /* AFURLRequestSerialization.m in Sources */ = {isa = PBXBuildFile; fileRef = 528D94DD1B3949E5007CFB37 /* AFURLRequestSerialization.m */; };
		528D950D1B3949E5007CFB37 /* AFURLResponseSerialization.m in Sources */ = {isa = PBXBuildFile; fileRef = 528D94DF1B3949E5007CFB37 /* AFURLResponseSerialization.m */; };
		528D950E1B3949E5007CFB37 /* AFURLSessionManager.m in Sources */ = {isa = PBXBuildFile; fileRef = 528D94E11B3949E5007CFB37 /* AFURLSessionManager.m */; };
		528D950F1B3949E5007CFB37 /* Reachability.m in Sources */ = {isa = PBXBuildFile; fileRef = 528D94E41B3949E5007CFB37 /* Reachability.m */; };
		528D95101B3949E5007CFB37 /* NSObject+SBJson.m in Sources */ = {isa = PBXBuildFile; fileRef = 528D94E71B3949E5007CFB37 /* NSObject+SBJson.m */; };
		528D95111B3949E5007CFB37 /* SBJsonParser.m in Sources */ = {isa = PBXBuildFile; fileRef = 528D94EA1B3949E5007CFB37 /* SBJsonParser.m */; };
		528D95121B3949E5007CFB37 /* SBJsonStreamParser.m in Sources */ = {isa = PBXBuildFile; fileRef = 528D94EC1B3949E5007CFB37 /* SBJsonStreamParser.m */; };
		528D95131B3949E5007CFB37 /* SBJsonStreamParserAccumulator.m in Sources */ = {isa = PBXBuildFile; fileRef = 528D94EE1B3949E5007CFB37 /* SBJsonStreamParserAccumulator.m */; };
		528D95141B3949E5007CFB37 /* SBJsonStreamParserAdapter.m in Sources */ = {isa = PBXBuildFile; fileRef = 528D94F01B3949E5007CFB37 /* SBJsonStreamParserAdapter.m */; };
		528D95151B3949E5007CFB37 /* SBJsonStreamParserState.m in Sources */ = {isa = PBXBuildFile; fileRef = 528D94F21B3949E5007CFB37 /* SBJsonStreamParserState.m */; };
		528D95161B3949E5007CFB37 /* SBJsonStreamWriter.m in Sources */ = {isa = PBXBuildFile; fileRef = 528D94F41B3949E5007CFB37 /* SBJsonStreamWriter.m */; };
		528D95171B3949E5007CFB37 /* SBJsonStreamWriterAccumulator.m in Sources */ = {isa = PBXBuildFile; fileRef = 528D94F61B3949E5007CFB37 /* SBJsonStreamWriterAccumulator.m */; };
		528D95181B3949E5007CFB37 /* SBJsonStreamWriterState.m in Sources */ = {isa = PBXBuildFile; fileRef = 528D94F81B3949E5007CFB37 /* SBJsonStreamWriterState.m */; };
		528D95191B3949E5007CFB37 /* SBJsonTokeniser.m in Sources */ = {isa = PBXBuildFile; fileRef = 528D94FA1B3949E5007CFB37 /* SBJsonTokeniser.m */; };
		528D951A1B3949E5007CFB37 /* SBJsonUTF8Stream.m in Sources */ = {isa = PBXBuildFile; fileRef = 528D94FC1B3949E5007CFB37 /* SBJsonUTF8Stream.m */; };
		528D951B1B3949E5007CFB37 /* SBJsonWriter.m in Sources */ = {isa = PBXBuildFile; fileRef = 528D94FE1B3949E5007CFB37 /* SBJsonWriter.m */; };
		528D951C1B3949E5007CFB37 /* SVIndefiniteAnimatedView.m in Sources */ = {isa = PBXBuildFile; fileRef = 528D95011B3949E5007CFB37 /* SVIndefiniteAnimatedView.m */; };
		528D951D1B3949E5007CFB37 /* SVProgressHUD.bundle in Resources */ = {isa = PBXBuildFile; fileRef = 528D95031B3949E5007CFB37 /* SVProgressHUD.bundle */; };
		528D951E1B3949E5007CFB37 /* SVProgressHUD.m in Sources */ = {isa = PBXBuildFile; fileRef = 528D95051B3949E5007CFB37 /* SVProgressHUD.m */; };
		528D95251B395223007CFB37 /* HomeViewController.m in Sources */ = {isa = PBXBuildFile; fileRef = 528D95241B395223007CFB37 /* HomeViewController.m */; };
		528D95281B39523A007CFB37 /* LoginViewController.m in Sources */ = {isa = PBXBuildFile; fileRef = 528D95271B39523A007CFB37 /* LoginViewController.m */; };
		528D952B1B395249007CFB37 /* RegisterViewController.m in Sources */ = {isa = PBXBuildFile; fileRef = 528D952A1B395249007CFB37 /* RegisterViewController.m */; };
		52FDB7221B40E1A000D6CBF3 /* TabbarViewController.m in Sources */ = {isa = PBXBuildFile; fileRef = 52FDB7211B40E1A000D6CBF3 /* TabbarViewController.m */; };
/* End PBXBuildFile section */

/* Begin PBXContainerItemProxy section */
		522629531B31B7D500747F43 /* PBXContainerItemProxy */ = {
			isa = PBXContainerItemProxy;
			containerPortal = 522629311B31B7D400747F43 /* Project object */;
			proxyType = 1;
			remoteGlobalIDString = 522629381B31B7D400747F43;
			remoteInfo = "H2 Tech Drive";
		};
/* End PBXContainerItemProxy section */

/* Begin PBXFileReference section */
		52149C2D1B3424EE00C525A0 /* DrivePath.h */ = {isa = PBXFileReference; fileEncoding = 4; lastKnownFileType = sourcecode.c.h; path = DrivePath.h; sourceTree = "<group>"; };
		52149C2E1B3424EE00C525A0 /* DrivePath.m */ = {isa = PBXFileReference; fileEncoding = 4; lastKnownFileType = sourcecode.c.objc; path = DrivePath.m; sourceTree = "<group>"; };
		52149C311B34285200C525A0 /* StartDriveViewController.h */ = {isa = PBXFileReference; fileEncoding = 4; lastKnownFileType = sourcecode.c.h; name = StartDriveViewController.h; path = StartDrive/StartDriveViewController.h; sourceTree = "<group>"; };
		52149C321B34285200C525A0 /* StartDriveViewController.m */ = {isa = PBXFileReference; fileEncoding = 4; lastKnownFileType = sourcecode.c.objc; name = StartDriveViewController.m; path = StartDrive/StartDriveViewController.m; sourceTree = "<group>"; };
		52149C351B34288800C525A0 /* RecordDriveViewController.h */ = {isa = PBXFileReference; fileEncoding = 4; lastKnownFileType = sourcecode.c.h; name = RecordDriveViewController.h; path = RecordDrive/RecordDriveViewController.h; sourceTree = "<group>"; };
		52149C361B34288800C525A0 /* RecordDriveViewController.m */ = {isa = PBXFileReference; fileEncoding = 4; lastKnownFileType = sourcecode.c.objc; name = RecordDriveViewController.m; path = RecordDrive/RecordDriveViewController.m; sourceTree = "<group>"; };
		52149C391B34307E00C525A0 /* TripInfoViewController.h */ = {isa = PBXFileReference; fileEncoding = 4; lastKnownFileType = sourcecode.c.h; name = TripInfoViewController.h; path = TripInfo/TripInfoViewController.h; sourceTree = "<group>"; };
		52149C3A1B34307E00C525A0 /* TripInfoViewController.m */ = {isa = PBXFileReference; fileEncoding = 4; lastKnownFileType = sourcecode.c.objc; name = TripInfoViewController.m; path = TripInfo/TripInfoViewController.m; sourceTree = "<group>"; };
		52149C3D1B3430C300C525A0 /* RDHelper.h */ = {isa = PBXFileReference; fileEncoding = 4; lastKnownFileType = sourcecode.c.h; name = RDHelper.h; path = RecordDrive/RDHelper/RDHelper.h; sourceTree = "<group>"; };
		52149C3E1B3430C300C525A0 /* RDHelper.m */ = {isa = PBXFileReference; fileEncoding = 4; lastKnownFileType = sourcecode.c.objc; name = RDHelper.m; path = RecordDrive/RDHelper/RDHelper.m; sourceTree = "<group>"; };
		52149C411B34346800C525A0 /* MathController.h */ = {isa = PBXFileReference; fileEncoding = 4; lastKnownFileType = sourcecode.c.h; name = MathController.h; path = RecordDrive/MathController/MathController.h; sourceTree = "<group>"; };
		52149C421B34346800C525A0 /* MathController.m */ = {isa = PBXFileReference; fileEncoding = 4; lastKnownFileType = sourcecode.c.objc; name = MathController.m; path = RecordDrive/MathController/MathController.m; sourceTree = "<group>"; };
		52149C461B34C6E300C525A0 /* TripHistoryViewController.h */ = {isa = PBXFileReference; fileEncoding = 4; lastKnownFileType = sourcecode.c.h; name = TripHistoryViewController.h; path = TripHistory/TripHistoryViewController.h; sourceTree = "<group>"; };
		52149C471B34C6E300C525A0 /* TripHistoryViewController.m */ = {isa = PBXFileReference; fileEncoding = 4; lastKnownFileType = sourcecode.c.objc; name = TripHistoryViewController.m; path = TripHistory/TripHistoryViewController.m; sourceTree = "<group>"; };
		52149C4A1B34C71600C525A0 /* TripDetailViewController.h */ = {isa = PBXFileReference; fileEncoding = 4; lastKnownFileType = sourcecode.c.h; name = TripDetailViewController.h; path = TripDetail/TripDetailViewController.h; sourceTree = "<group>"; };
		52149C4B1B34C71600C525A0 /* TripDetailViewController.m */ = {isa = PBXFileReference; fileEncoding = 4; lastKnownFileType = sourcecode.c.objc; name = TripDetailViewController.m; path = TripDetail/TripDetailViewController.m; sourceTree = "<group>"; };
		522629391B31B7D400747F43 /* H2 Tech Drive.app */ = {isa = PBXFileReference; explicitFileType = wrapper.application; includeInIndex = 0; path = "H2 Tech Drive.app"; sourceTree = BUILT_PRODUCTS_DIR; };
		5226293D1B31B7D500747F43 /* Info.plist */ = {isa = PBXFileReference; lastKnownFileType = text.plist.xml; path = Info.plist; sourceTree = "<group>"; };
		5226293E1B31B7D500747F43 /* main.m */ = {isa = PBXFileReference; lastKnownFileType = sourcecode.c.objc; path = main.m; sourceTree = "<group>"; };
		522629471B31B7D500747F43 /* Base */ = {isa = PBXFileReference; lastKnownFileType = file.storyboard; name = Base; path = Base.lproj/Main.storyboard; sourceTree = "<group>"; };
		522629491B31B7D500747F43 /* Images.xcassets */ = {isa = PBXFileReference; lastKnownFileType = folder.assetcatalog; path = Images.xcassets; sourceTree = "<group>"; };
		5226294C1B31B7D500747F43 /* Base */ = {isa = PBXFileReference; lastKnownFileType = file.xib; name = Base; path = Base.lproj/LaunchScreen.xib; sourceTree = "<group>"; };
		522629521B31B7D500747F43 /* H2 Tech DriveTests.xctest */ = {isa = PBXFileReference; explicitFileType = wrapper.cfbundle; includeInIndex = 0; path = "H2 Tech DriveTests.xctest"; sourceTree = BUILT_PRODUCTS_DIR; };
		522629571B31B7D500747F43 /* Info.plist */ = {isa = PBXFileReference; lastKnownFileType = text.plist.xml; path = Info.plist; sourceTree = "<group>"; };
		522629581B31B7D500747F43 /* H2_Tech_DriveTests.m */ = {isa = PBXFileReference; lastKnownFileType = sourcecode.c.objc; path = H2_Tech_DriveTests.m; sourceTree = "<group>"; };
		522629651B31B8BB00747F43 /* AppDelegate.h */ = {isa = PBXFileReference; fileEncoding = 4; lastKnownFileType = sourcecode.c.h; path = AppDelegate.h; sourceTree = "<group>"; };
		522629661B31B8BB00747F43 /* AppDelegate.m */ = {isa = PBXFileReference; fileEncoding = 4; lastKnownFileType = sourcecode.c.objc; path = AppDelegate.m; sourceTree = "<group>"; };
		522629681B31B8BB00747F43 /* ViewController.h */ = {isa = PBXFileReference; fileEncoding = 4; lastKnownFileType = sourcecode.c.h; path = ViewController.h; sourceTree = "<group>"; };
		522629691B31B8BB00747F43 /* ViewController.m */ = {isa = PBXFileReference; fileEncoding = 4; lastKnownFileType = sourcecode.c.objc; path = ViewController.m; sourceTree = "<group>"; };
		5226296C1B31BA1A00747F43 /* MapKit.framework */ = {isa = PBXFileReference; lastKnownFileType = wrapper.framework; name = MapKit.framework; path = System/Library/Frameworks/MapKit.framework; sourceTree = SDKROOT; };
		528D94CF1B3949E5007CFB37 /* AFHTTPRequestOperation.h */ = {isa = PBXFileReference; fileEncoding = 4; lastKnownFileType = sourcecode.c.h; path = AFHTTPRequestOperation.h; sourceTree = "<group>"; };
		528D94D01B3949E5007CFB37 /* AFHTTPRequestOperation.m */ = {isa = PBXFileReference; fileEncoding = 4; lastKnownFileType = sourcecode.c.objc; path = AFHTTPRequestOperation.m; sourceTree = "<group>"; };
		528D94D11B3949E5007CFB37 /* AFHTTPRequestOperationManager.h */ = {isa = PBXFileReference; fileEncoding = 4; lastKnownFileType = sourcecode.c.h; path = AFHTTPRequestOperationManager.h; sourceTree = "<group>"; };
		528D94D21B3949E5007CFB37 /* AFHTTPRequestOperationManager.m */ = {isa = PBXFileReference; fileEncoding = 4; lastKnownFileType = sourcecode.c.objc; path = AFHTTPRequestOperationManager.m; sourceTree = "<group>"; };
		528D94D31B3949E5007CFB37 /* AFHTTPSessionManager.h */ = {isa = PBXFileReference; fileEncoding = 4; lastKnownFileType = sourcecode.c.h; path = AFHTTPSessionManager.h; sourceTree = "<group>"; };
		528D94D41B3949E5007CFB37 /* AFHTTPSessionManager.m */ = {isa = PBXFileReference; fileEncoding = 4; lastKnownFileType = sourcecode.c.objc; path = AFHTTPSessionManager.m; sourceTree = "<group>"; };
		528D94D51B3949E5007CFB37 /* AFNetworking.h */ = {isa = PBXFileReference; fileEncoding = 4; lastKnownFileType = sourcecode.c.h; path = AFNetworking.h; sourceTree = "<group>"; };
		528D94D61B3949E5007CFB37 /* AFNetworkReachabilityManager.h */ = {isa = PBXFileReference; fileEncoding = 4; lastKnownFileType = sourcecode.c.h; path = AFNetworkReachabilityManager.h; sourceTree = "<group>"; };
		528D94D71B3949E5007CFB37 /* AFNetworkReachabilityManager.m */ = {isa = PBXFileReference; fileEncoding = 4; lastKnownFileType = sourcecode.c.objc; path = AFNetworkReachabilityManager.m; sourceTree = "<group>"; };
		528D94D81B3949E5007CFB37 /* AFSecurityPolicy.h */ = {isa = PBXFileReference; fileEncoding = 4; lastKnownFileType = sourcecode.c.h; path = AFSecurityPolicy.h; sourceTree = "<group>"; };
		528D94D91B3949E5007CFB37 /* AFSecurityPolicy.m */ = {isa = PBXFileReference; fileEncoding = 4; lastKnownFileType = sourcecode.c.objc; path = AFSecurityPolicy.m; sourceTree = "<group>"; };
		528D94DA1B3949E5007CFB37 /* AFURLConnectionOperation.h */ = {isa = PBXFileReference; fileEncoding = 4; lastKnownFileType = sourcecode.c.h; path = AFURLConnectionOperation.h; sourceTree = "<group>"; };
		528D94DB1B3949E5007CFB37 /* AFURLConnectionOperation.m */ = {isa = PBXFileReference; fileEncoding = 4; lastKnownFileType = sourcecode.c.objc; path = AFURLConnectionOperation.m; sourceTree = "<group>"; };
		528D94DC1B3949E5007CFB37 /* AFURLRequestSerialization.h */ = {isa = PBXFileReference; fileEncoding = 4; lastKnownFileType = sourcecode.c.h; path = AFURLRequestSerialization.h; sourceTree = "<group>"; };
		528D94DD1B3949E5007CFB37 /* AFURLRequestSerialization.m */ = {isa = PBXFileReference; fileEncoding = 4; lastKnownFileType = sourcecode.c.objc; path = AFURLRequestSerialization.m; sourceTree = "<group>"; };
		528D94DE1B3949E5007CFB37 /* AFURLResponseSerialization.h */ = {isa = PBXFileReference; fileEncoding = 4; lastKnownFileType = sourcecode.c.h; path = AFURLResponseSerialization.h; sourceTree = "<group>"; };
		528D94DF1B3949E5007CFB37 /* AFURLResponseSerialization.m */ = {isa = PBXFileReference; fileEncoding = 4; lastKnownFileType = sourcecode.c.objc; path = AFURLResponseSerialization.m; sourceTree = "<group>"; };
		528D94E01B3949E5007CFB37 /* AFURLSessionManager.h */ = {isa = PBXFileReference; fileEncoding = 4; lastKnownFileType = sourcecode.c.h; path = AFURLSessionManager.h; sourceTree = "<group>"; };
		528D94E11B3949E5007CFB37 /* AFURLSessionManager.m */ = {isa = PBXFileReference; fileEncoding = 4; lastKnownFileType = sourcecode.c.objc; path = AFURLSessionManager.m; sourceTree = "<group>"; };
		528D94E31B3949E5007CFB37 /* Reachability.h */ = {isa = PBXFileReference; fileEncoding = 4; lastKnownFileType = sourcecode.c.h; path = Reachability.h; sourceTree = "<group>"; };
		528D94E41B3949E5007CFB37 /* Reachability.m */ = {isa = PBXFileReference; fileEncoding = 4; lastKnownFileType = sourcecode.c.objc; path = Reachability.m; sourceTree = "<group>"; };
		528D94E61B3949E5007CFB37 /* NSObject+SBJson.h */ = {isa = PBXFileReference; fileEncoding = 4; lastKnownFileType = sourcecode.c.h; path = "NSObject+SBJson.h"; sourceTree = "<group>"; };
		528D94E71B3949E5007CFB37 /* NSObject+SBJson.m */ = {isa = PBXFileReference; fileEncoding = 4; lastKnownFileType = sourcecode.c.objc; path = "NSObject+SBJson.m"; sourceTree = "<group>"; };
		528D94E81B3949E5007CFB37 /* SBJson.h */ = {isa = PBXFileReference; fileEncoding = 4; lastKnownFileType = sourcecode.c.h; path = SBJson.h; sourceTree = "<group>"; };
		528D94E91B3949E5007CFB37 /* SBJsonParser.h */ = {isa = PBXFileReference; fileEncoding = 4; lastKnownFileType = sourcecode.c.h; path = SBJsonParser.h; sourceTree = "<group>"; };
		528D94EA1B3949E5007CFB37 /* SBJsonParser.m */ = {isa = PBXFileReference; fileEncoding = 4; lastKnownFileType = sourcecode.c.objc; path = SBJsonParser.m; sourceTree = "<group>"; };
		528D94EB1B3949E5007CFB37 /* SBJsonStreamParser.h */ = {isa = PBXFileReference; fileEncoding = 4; lastKnownFileType = sourcecode.c.h; path = SBJsonStreamParser.h; sourceTree = "<group>"; };
		528D94EC1B3949E5007CFB37 /* SBJsonStreamParser.m */ = {isa = PBXFileReference; fileEncoding = 4; lastKnownFileType = sourcecode.c.objc; path = SBJsonStreamParser.m; sourceTree = "<group>"; };
		528D94ED1B3949E5007CFB37 /* SBJsonStreamParserAccumulator.h */ = {isa = PBXFileReference; fileEncoding = 4; lastKnownFileType = sourcecode.c.h; path = SBJsonStreamParserAccumulator.h; sourceTree = "<group>"; };
		528D94EE1B3949E5007CFB37 /* SBJsonStreamParserAccumulator.m */ = {isa = PBXFileReference; fileEncoding = 4; lastKnownFileType = sourcecode.c.objc; path = SBJsonStreamParserAccumulator.m; sourceTree = "<group>"; };
		528D94EF1B3949E5007CFB37 /* SBJsonStreamParserAdapter.h */ = {isa = PBXFileReference; fileEncoding = 4; lastKnownFileType = sourcecode.c.h; path = SBJsonStreamParserAdapter.h; sourceTree = "<group>"; };
		528D94F01B3949E5007CFB37 /* SBJsonStreamParserAdapter.m */ = {isa = PBXFileReference; fileEncoding = 4; lastKnownFileType = sourcecode.c.objc; path = SBJsonStreamParserAdapter.m; sourceTree = "<group>"; };
		528D94F11B3949E5007CFB37 /* SBJsonStreamParserState.h */ = {isa = PBXFileReference; fileEncoding = 4; lastKnownFileType = sourcecode.c.h; path = SBJsonStreamParserState.h; sourceTree = "<group>"; };
		528D94F21B3949E5007CFB37 /* SBJsonStreamParserState.m */ = {isa = PBXFileReference; fileEncoding = 4; lastKnownFileType = sourcecode.c.objc; path = SBJsonStreamParserState.m; sourceTree = "<group>"; };
		528D94F31B3949E5007CFB37 /* SBJsonStreamWriter.h */ = {isa = PBXFileReference; fileEncoding = 4; lastKnownFileType = sourcecode.c.h; path = SBJsonStreamWriter.h; sourceTree = "<group>"; };
		528D94F41B3949E5007CFB37 /* SBJsonStreamWriter.m */ = {isa = PBXFileReference; fileEncoding = 4; lastKnownFileType = sourcecode.c.objc; path = SBJsonStreamWriter.m; sourceTree = "<group>"; };
		528D94F51B3949E5007CFB37 /* SBJsonStreamWriterAccumulator.h */ = {isa = PBXFileReference; fileEncoding = 4; lastKnownFileType = sourcecode.c.h; path = SBJsonStreamWriterAccumulator.h; sourceTree = "<group>"; };
		528D94F61B3949E5007CFB37 /* SBJsonStreamWriterAccumulator.m */ = {isa = PBXFileReference; fileEncoding = 4; lastKnownFileType = sourcecode.c.objc; path = SBJsonStreamWriterAccumulator.m; sourceTree = "<group>"; };
		528D94F71B3949E5007CFB37 /* SBJsonStreamWriterState.h */ = {isa = PBXFileReference; fileEncoding = 4; lastKnownFileType = sourcecode.c.h; path = SBJsonStreamWriterState.h; sourceTree = "<group>"; };
		528D94F81B3949E5007CFB37 /* SBJsonStreamWriterState.m */ = {isa = PBXFileReference; fileEncoding = 4; lastKnownFileType = sourcecode.c.objc; path = SBJsonStreamWriterState.m; sourceTree = "<group>"; };
		528D94F91B3949E5007CFB37 /* SBJsonTokeniser.h */ = {isa = PBXFileReference; fileEncoding = 4; lastKnownFileType = sourcecode.c.h; path = SBJsonTokeniser.h; sourceTree = "<group>"; };
		528D94FA1B3949E5007CFB37 /* SBJsonTokeniser.m */ = {isa = PBXFileReference; fileEncoding = 4; lastKnownFileType = sourcecode.c.objc; path = SBJsonTokeniser.m; sourceTree = "<group>"; };
		528D94FB1B3949E5007CFB37 /* SBJsonUTF8Stream.h */ = {isa = PBXFileReference; fileEncoding = 4; lastKnownFileType = sourcecode.c.h; path = SBJsonUTF8Stream.h; sourceTree = "<group>"; };
		528D94FC1B3949E5007CFB37 /* SBJsonUTF8Stream.m */ = {isa = PBXFileReference; fileEncoding = 4; lastKnownFileType = sourcecode.c.objc; path = SBJsonUTF8Stream.m; sourceTree = "<group>"; };
		528D94FD1B3949E5007CFB37 /* SBJsonWriter.h */ = {isa = PBXFileReference; fileEncoding = 4; lastKnownFileType = sourcecode.c.h; path = SBJsonWriter.h; sourceTree = "<group>"; };
		528D94FE1B3949E5007CFB37 /* SBJsonWriter.m */ = {isa = PBXFileReference; fileEncoding = 4; lastKnownFileType = sourcecode.c.objc; path = SBJsonWriter.m; sourceTree = "<group>"; };
		528D95001B3949E5007CFB37 /* SVIndefiniteAnimatedView.h */ = {isa = PBXFileReference; fileEncoding = 4; lastKnownFileType = sourcecode.c.h; path = SVIndefiniteAnimatedView.h; sourceTree = "<group>"; };
		528D95011B3949E5007CFB37 /* SVIndefiniteAnimatedView.m */ = {isa = PBXFileReference; fileEncoding = 4; lastKnownFileType = sourcecode.c.objc; path = SVIndefiniteAnimatedView.m; sourceTree = "<group>"; };
		528D95021B3949E5007CFB37 /* SVProgressHUD-Prefix.pch */ = {isa = PBXFileReference; fileEncoding = 4; lastKnownFileType = sourcecode.c.h; path = "SVProgressHUD-Prefix.pch"; sourceTree = "<group>"; };
		528D95031B3949E5007CFB37 /* SVProgressHUD.bundle */ = {isa = PBXFileReference; lastKnownFileType = "wrapper.plug-in"; path = SVProgressHUD.bundle; sourceTree = "<group>"; };
		528D95041B3949E5007CFB37 /* SVProgressHUD.h */ = {isa = PBXFileReference; fileEncoding = 4; lastKnownFileType = sourcecode.c.h; path = SVProgressHUD.h; sourceTree = "<group>"; };
		528D95051B3949E5007CFB37 /* SVProgressHUD.m */ = {isa = PBXFileReference; fileEncoding = 4; lastKnownFileType = sourcecode.c.objc; path = SVProgressHUD.m; sourceTree = "<group>"; };
		528D95231B395223007CFB37 /* HomeViewController.h */ = {isa = PBXFileReference; fileEncoding = 4; lastKnownFileType = sourcecode.c.h; path = HomeViewController.h; sourceTree = "<group>"; };
		528D95241B395223007CFB37 /* HomeViewController.m */ = {isa = PBXFileReference; fileEncoding = 4; lastKnownFileType = sourcecode.c.objc; path = HomeViewController.m; sourceTree = "<group>"; };
		528D95261B39523A007CFB37 /* LoginViewController.h */ = {isa = PBXFileReference; fileEncoding = 4; lastKnownFileType = sourcecode.c.h; path = LoginViewController.h; sourceTree = "<group>"; };
		528D95271B39523A007CFB37 /* LoginViewController.m */ = {isa = PBXFileReference; fileEncoding = 4; lastKnownFileType = sourcecode.c.objc; path = LoginViewController.m; sourceTree = "<group>"; };
		528D95291B395249007CFB37 /* RegisterViewController.h */ = {isa = PBXFileReference; fileEncoding = 4; lastKnownFileType = sourcecode.c.h; path = RegisterViewController.h; sourceTree = "<group>"; };
		528D952A1B395249007CFB37 /* RegisterViewController.m */ = {isa = PBXFileReference; fileEncoding = 4; lastKnownFileType = sourcecode.c.objc; path = RegisterViewController.m; sourceTree = "<group>"; };
		52FDB7201B40E1A000D6CBF3 /* TabbarViewController.h */ = {isa = PBXFileReference; fileEncoding = 4; lastKnownFileType = sourcecode.c.h; name = TabbarViewController.h; path = Tabbar/TabbarViewController.h; sourceTree = "<group>"; };
		52FDB7211B40E1A000D6CBF3 /* TabbarViewController.m */ = {isa = PBXFileReference; fileEncoding = 4; lastKnownFileType = sourcecode.c.objc; name = TabbarViewController.m; path = Tabbar/TabbarViewController.m; sourceTree = "<group>"; };
/* End PBXFileReference section */

/* Begin PBXFrameworksBuildPhase section */
		522629361B31B7D400747F43 /* Frameworks */ = {
			isa = PBXFrameworksBuildPhase;
			buildActionMask = 2147483647;
			files = (
				5226296D1B31BA1A00747F43 /* MapKit.framework in Frameworks */,
			);
			runOnlyForDeploymentPostprocessing = 0;
		};
		5226294F1B31B7D500747F43 /* Frameworks */ = {
			isa = PBXFrameworksBuildPhase;
			buildActionMask = 2147483647;
			files = (
			);
			runOnlyForDeploymentPostprocessing = 0;
		};
/* End PBXFrameworksBuildPhase section */

/* Begin PBXGroup section */
		52149C2C1B3424C600C525A0 /* Model */ = {
			isa = PBXGroup;
			children = (
				52149C2D1B3424EE00C525A0 /* DrivePath.h */,
				52149C2E1B3424EE00C525A0 /* DrivePath.m */,
			);
			path = Model;
			sourceTree = "<group>";
		};
		52149C301B34282F00C525A0 /* StartDrive */ = {
			isa = PBXGroup;
			children = (
				52149C311B34285200C525A0 /* StartDriveViewController.h */,
				52149C321B34285200C525A0 /* StartDriveViewController.m */,
			);
			name = StartDrive;
			sourceTree = "<group>";
		};
		52149C341B34286C00C525A0 /* RecordDrive */ = {
			isa = PBXGroup;
			children = (
				52149C401B34344500C525A0 /* MathController */,
				52149C3C1B3430A800C525A0 /* RDHelper */,
				52149C351B34288800C525A0 /* RecordDriveViewController.h */,
				52149C361B34288800C525A0 /* RecordDriveViewController.m */,
			);
			name = RecordDrive;
			sourceTree = "<group>";
		};
		52149C381B34306400C525A0 /* TripInfo */ = {
			isa = PBXGroup;
			children = (
				52149C391B34307E00C525A0 /* TripInfoViewController.h */,
				52149C3A1B34307E00C525A0 /* TripInfoViewController.m */,
			);
			name = TripInfo;
			sourceTree = "<group>";
		};
		52149C3C1B3430A800C525A0 /* RDHelper */ = {
			isa = PBXGroup;
			children = (
				52149C3D1B3430C300C525A0 /* RDHelper.h */,
				52149C3E1B3430C300C525A0 /* RDHelper.m */,
			);
			name = RDHelper;
			sourceTree = "<group>";
		};
		52149C401B34344500C525A0 /* MathController */ = {
			isa = PBXGroup;
			children = (
				52149C411B34346800C525A0 /* MathController.h */,
				52149C421B34346800C525A0 /* MathController.m */,
			);
			name = MathController;
			sourceTree = "<group>";
		};
		52149C451B34C6B600C525A0 /* TripHistory */ = {
			isa = PBXGroup;
			children = (
				52149C461B34C6E300C525A0 /* TripHistoryViewController.h */,
				52149C471B34C6E300C525A0 /* TripHistoryViewController.m */,
			);
			name = TripHistory;
			sourceTree = "<group>";
		};
		52149C491B34C70100C525A0 /* TripDetail */ = {
			isa = PBXGroup;
			children = (
				52149C4A1B34C71600C525A0 /* TripDetailViewController.h */,
				52149C4B1B34C71600C525A0 /* TripDetailViewController.m */,
			);
			name = TripDetail;
			sourceTree = "<group>";
		};
		522629301B31B7D400747F43 = {
			isa = PBXGroup;
			children = (
				5226296C1B31BA1A00747F43 /* MapKit.framework */,
				5226293B1B31B7D400747F43 /* H2 Tech Drive */,
				522629551B31B7D500747F43 /* H2 Tech DriveTests */,
				5226293A1B31B7D400747F43 /* Products */,
			);
			sourceTree = "<group>";
		};
		5226293A1B31B7D400747F43 /* Products */ = {
			isa = PBXGroup;
			children = (
				522629391B31B7D400747F43 /* H2 Tech Drive.app */,
				522629521B31B7D500747F43 /* H2 Tech DriveTests.xctest */,
			);
			name = Products;
			sourceTree = "<group>";
		};
		5226293B1B31B7D400747F43 /* H2 Tech Drive */ = {
			isa = PBXGroup;
			children = (
				528D94CD1B3949E5007CFB37 /* HTDFramworks */,
				522629631B31B8BB00747F43 /* Source */,
				52149C2C1B3424C600C525A0 /* Model */,
				522629621B31B89B00747F43 /* Storyboards */,
				522629491B31B7D500747F43 /* Images.xcassets */,
				5226293C1B31B7D400747F43 /* Supporting Files */,
			);
			path = "H2 Tech Drive";
			sourceTree = "<group>";
		};
		5226293C1B31B7D400747F43 /* Supporting Files */ = {
			isa = PBXGroup;
			children = (
				5226293D1B31B7D500747F43 /* Info.plist */,
				5226293E1B31B7D500747F43 /* main.m */,
			);
			name = "Supporting Files";
			sourceTree = "<group>";
		};
		522629551B31B7D500747F43 /* H2 Tech DriveTests */ = {
			isa = PBXGroup;
			children = (
				522629581B31B7D500747F43 /* H2_Tech_DriveTests.m */,
				522629561B31B7D500747F43 /* Supporting Files */,
			);
			path = "H2 Tech DriveTests";
			sourceTree = "<group>";
		};
		522629561B31B7D500747F43 /* Supporting Files */ = {
			isa = PBXGroup;
			children = (
				522629571B31B7D500747F43 /* Info.plist */,
			);
			name = "Supporting Files";
			sourceTree = "<group>";
		};
		522629621B31B89B00747F43 /* Storyboards */ = {
			isa = PBXGroup;
			children = (
				522629461B31B7D500747F43 /* Main.storyboard */,
				5226294B1B31B7D500747F43 /* LaunchScreen.xib */,
			);
			name = Storyboards;
			sourceTree = "<group>";
		};
		522629631B31B8BB00747F43 /* Source */ = {
			isa = PBXGroup;
			children = (
				52FDB71F1B40E18500D6CBF3 /* Tabbar */,
				528D95201B395212007CFB37 /* Home */,
				528D95211B395212007CFB37 /* Login */,
				528D95221B395212007CFB37 /* Register */,
				52149C491B34C70100C525A0 /* TripDetail */,
				52149C451B34C6B600C525A0 /* TripHistory */,
				52149C381B34306400C525A0 /* TripInfo */,
				52149C341B34286C00C525A0 /* RecordDrive */,
				52149C301B34282F00C525A0 /* StartDrive */,
				522629641B31B8BB00747F43 /* AppDelegate */,
				522629671B31B8BB00747F43 /* InitView */,
			);
			path = Source;
			sourceTree = "<group>";
		};
		522629641B31B8BB00747F43 /* AppDelegate */ = {
			isa = PBXGroup;
			children = (
				522629651B31B8BB00747F43 /* AppDelegate.h */,
				522629661B31B8BB00747F43 /* AppDelegate.m */,
			);
			path = AppDelegate;
			sourceTree = "<group>";
		};
		522629671B31B8BB00747F43 /* InitView */ = {
			isa = PBXGroup;
			children = (
				522629681B31B8BB00747F43 /* ViewController.h */,
				522629691B31B8BB00747F43 /* ViewController.m */,
			);
			path = InitView;
			sourceTree = "<group>";
		};
		528D94CD1B3949E5007CFB37 /* HTDFramworks */ = {
			isa = PBXGroup;
			children = (
				528D94CE1B3949E5007CFB37 /* AFNetworking */,
				528D94E21B3949E5007CFB37 /* Reachability */,
				528D94E51B3949E5007CFB37 /* SBJson */,
				528D94FF1B3949E5007CFB37 /* SVProgressHUD */,
			);
			path = HTDFramworks;
			sourceTree = "<group>";
		};
		528D94CE1B3949E5007CFB37 /* AFNetworking */ = {
			isa = PBXGroup;
			children = (
				528D94CF1B3949E5007CFB37 /* AFHTTPRequestOperation.h */,
				528D94D01B3949E5007CFB37 /* AFHTTPRequestOperation.m */,
				528D94D11B3949E5007CFB37 /* AFHTTPRequestOperationManager.h */,
				528D94D21B3949E5007CFB37 /* AFHTTPRequestOperationManager.m */,
				528D94D31B3949E5007CFB37 /* AFHTTPSessionManager.h */,
				528D94D41B3949E5007CFB37 /* AFHTTPSessionManager.m */,
				528D94D51B3949E5007CFB37 /* AFNetworking.h */,
				528D94D61B3949E5007CFB37 /* AFNetworkReachabilityManager.h */,
				528D94D71B3949E5007CFB37 /* AFNetworkReachabilityManager.m */,
				528D94D81B3949E5007CFB37 /* AFSecurityPolicy.h */,
				528D94D91B3949E5007CFB37 /* AFSecurityPolicy.m */,
				528D94DA1B3949E5007CFB37 /* AFURLConnectionOperation.h */,
				528D94DB1B3949E5007CFB37 /* AFURLConnectionOperation.m */,
				528D94DC1B3949E5007CFB37 /* AFURLRequestSerialization.h */,
				528D94DD1B3949E5007CFB37 /* AFURLRequestSerialization.m */,
				528D94DE1B3949E5007CFB37 /* AFURLResponseSerialization.h */,
				528D94DF1B3949E5007CFB37 /* AFURLResponseSerialization.m */,
				528D94E01B3949E5007CFB37 /* AFURLSessionManager.h */,
				528D94E11B3949E5007CFB37 /* AFURLSessionManager.m */,
			);
			path = AFNetworking;
			sourceTree = "<group>";
		};
		528D94E21B3949E5007CFB37 /* Reachability */ = {
			isa = PBXGroup;
			children = (
				528D94E31B3949E5007CFB37 /* Reachability.h */,
				528D94E41B3949E5007CFB37 /* Reachability.m */,
			);
			path = Reachability;
			sourceTree = "<group>";
		};
		528D94E51B3949E5007CFB37 /* SBJson */ = {
			isa = PBXGroup;
			children = (
				528D94E61B3949E5007CFB37 /* NSObject+SBJson.h */,
				528D94E71B3949E5007CFB37 /* NSObject+SBJson.m */,
				528D94E81B3949E5007CFB37 /* SBJson.h */,
				528D94E91B3949E5007CFB37 /* SBJsonParser.h */,
				528D94EA1B3949E5007CFB37 /* SBJsonParser.m */,
				528D94EB1B3949E5007CFB37 /* SBJsonStreamParser.h */,
				528D94EC1B3949E5007CFB37 /* SBJsonStreamParser.m */,
				528D94ED1B3949E5007CFB37 /* SBJsonStreamParserAccumulator.h */,
				528D94EE1B3949E5007CFB37 /* SBJsonStreamParserAccumulator.m */,
				528D94EF1B3949E5007CFB37 /* SBJsonStreamParserAdapter.h */,
				528D94F01B3949E5007CFB37 /* SBJsonStreamParserAdapter.m */,
				528D94F11B3949E5007CFB37 /* SBJsonStreamParserState.h */,
				528D94F21B3949E5007CFB37 /* SBJsonStreamParserState.m */,
				528D94F31B3949E5007CFB37 /* SBJsonStreamWriter.h */,
				528D94F41B3949E5007CFB37 /* SBJsonStreamWriter.m */,
				528D94F51B3949E5007CFB37 /* SBJsonStreamWriterAccumulator.h */,
				528D94F61B3949E5007CFB37 /* SBJsonStreamWriterAccumulator.m */,
				528D94F71B3949E5007CFB37 /* SBJsonStreamWriterState.h */,
				528D94F81B3949E5007CFB37 /* SBJsonStreamWriterState.m */,
				528D94F91B3949E5007CFB37 /* SBJsonTokeniser.h */,
				528D94FA1B3949E5007CFB37 /* SBJsonTokeniser.m */,
				528D94FB1B3949E5007CFB37 /* SBJsonUTF8Stream.h */,
				528D94FC1B3949E5007CFB37 /* SBJsonUTF8Stream.m */,
				528D94FD1B3949E5007CFB37 /* SBJsonWriter.h */,
				528D94FE1B3949E5007CFB37 /* SBJsonWriter.m */,
			);
			path = SBJson;
			sourceTree = "<group>";
		};
		528D94FF1B3949E5007CFB37 /* SVProgressHUD */ = {
			isa = PBXGroup;
			children = (
				528D95001B3949E5007CFB37 /* SVIndefiniteAnimatedView.h */,
				528D95011B3949E5007CFB37 /* SVIndefiniteAnimatedView.m */,
				528D95021B3949E5007CFB37 /* SVProgressHUD-Prefix.pch */,
				528D95031B3949E5007CFB37 /* SVProgressHUD.bundle */,
				528D95041B3949E5007CFB37 /* SVProgressHUD.h */,
				528D95051B3949E5007CFB37 /* SVProgressHUD.m */,
			);
			path = SVProgressHUD;
			sourceTree = "<group>";
		};
		528D95201B395212007CFB37 /* Home */ = {
			isa = PBXGroup;
			children = (
				528D95231B395223007CFB37 /* HomeViewController.h */,
				528D95241B395223007CFB37 /* HomeViewController.m */,
			);
			path = Home;
			sourceTree = "<group>";
		};
		528D95211B395212007CFB37 /* Login */ = {
			isa = PBXGroup;
			children = (
				528D95261B39523A007CFB37 /* LoginViewController.h */,
				528D95271B39523A007CFB37 /* LoginViewController.m */,
			);
			path = Login;
			sourceTree = "<group>";
		};
		528D95221B395212007CFB37 /* Register */ = {
			isa = PBXGroup;
			children = (
				528D95291B395249007CFB37 /* RegisterViewController.h */,
				528D952A1B395249007CFB37 /* RegisterViewController.m */,
			);
			path = Register;
			sourceTree = "<group>";
		};
		52FDB71F1B40E18500D6CBF3 /* Tabbar */ = {
			isa = PBXGroup;
			children = (
				52FDB7201B40E1A000D6CBF3 /* TabbarViewController.h */,
				52FDB7211B40E1A000D6CBF3 /* TabbarViewController.m */,
			);
			name = Tabbar;
			sourceTree = "<group>";
		};
/* End PBXGroup section */

/* Begin PBXNativeTarget section */
		522629381B31B7D400747F43 /* H2 Tech Drive */ = {
			isa = PBXNativeTarget;
			buildConfigurationList = 5226295C1B31B7D500747F43 /* Build configuration list for PBXNativeTarget "H2 Tech Drive" */;
			buildPhases = (
				522629351B31B7D400747F43 /* Sources */,
				522629361B31B7D400747F43 /* Frameworks */,
				522629371B31B7D400747F43 /* Resources */,
			);
			buildRules = (
			);
			dependencies = (
			);
			name = "H2 Tech Drive";
			productName = "H2 Tech Drive";
			productReference = 522629391B31B7D400747F43 /* H2 Tech Drive.app */;
			productType = "com.apple.product-type.application";
		};
		522629511B31B7D500747F43 /* H2 Tech DriveTests */ = {
			isa = PBXNativeTarget;
			buildConfigurationList = 5226295F1B31B7D500747F43 /* Build configuration list for PBXNativeTarget "H2 Tech DriveTests" */;
			buildPhases = (
				5226294E1B31B7D500747F43 /* Sources */,
				5226294F1B31B7D500747F43 /* Frameworks */,
				522629501B31B7D500747F43 /* Resources */,
			);
			buildRules = (
			);
			dependencies = (
				522629541B31B7D500747F43 /* PBXTargetDependency */,
			);
			name = "H2 Tech DriveTests";
			productName = "H2 Tech DriveTests";
			productReference = 522629521B31B7D500747F43 /* H2 Tech DriveTests.xctest */;
			productType = "com.apple.product-type.bundle.unit-test";
		};
/* End PBXNativeTarget section */

/* Begin PBXProject section */
		522629311B31B7D400747F43 /* Project object */ = {
			isa = PBXProject;
			attributes = {
				LastUpgradeCheck = 0610;
				ORGANIZATIONNAME = UnitSol;
				TargetAttributes = {
					522629381B31B7D400747F43 = {
						CreatedOnToolsVersion = 6.1.1;
					};
					522629511B31B7D500747F43 = {
						CreatedOnToolsVersion = 6.1.1;
						TestTargetID = 522629381B31B7D400747F43;
					};
				};
			};
			buildConfigurationList = 522629341B31B7D400747F43 /* Build configuration list for PBXProject "H2 Tech Drive" */;
			compatibilityVersion = "Xcode 3.2";
			developmentRegion = English;
			hasScannedForEncodings = 0;
			knownRegions = (
				en,
				Base,
			);
			mainGroup = 522629301B31B7D400747F43;
			productRefGroup = 5226293A1B31B7D400747F43 /* Products */;
			projectDirPath = "";
			projectRoot = "";
			targets = (
				522629381B31B7D400747F43 /* H2 Tech Drive */,
				522629511B31B7D500747F43 /* H2 Tech DriveTests */,
			);
		};
/* End PBXProject section */

/* Begin PBXResourcesBuildPhase section */
		522629371B31B7D400747F43 /* Resources */ = {
			isa = PBXResourcesBuildPhase;
			buildActionMask = 2147483647;
			files = (
				522629481B31B7D500747F43 /* Main.storyboard in Resources */,
				5226294D1B31B7D500747F43 /* LaunchScreen.xib in Resources */,
				5226294A1B31B7D500747F43 /* Images.xcassets in Resources */,
				528D951D1B3949E5007CFB37 /* SVProgressHUD.bundle in Resources */,
			);
			runOnlyForDeploymentPostprocessing = 0;
		};
		522629501B31B7D500747F43 /* Resources */ = {
			isa = PBXResourcesBuildPhase;
			buildActionMask = 2147483647;
			files = (
			);
			runOnlyForDeploymentPostprocessing = 0;
		};
/* End PBXResourcesBuildPhase section */

/* Begin PBXSourcesBuildPhase section */
		522629351B31B7D400747F43 /* Sources */ = {
			isa = PBXSourcesBuildPhase;
			buildActionMask = 2147483647;
			files = (
				528D95281B39523A007CFB37 /* LoginViewController.m in Sources */,
				528D95061B3949E5007CFB37 /* AFHTTPRequestOperation.m in Sources */,
				52149C3B1B34307E00C525A0 /* TripInfoViewController.m in Sources */,
				52149C331B34285200C525A0 /* StartDriveViewController.m in Sources */,
				52149C431B34346800C525A0 /* MathController.m in Sources */,
				5226296B1B31B8BB00747F43 /* ViewController.m in Sources */,
				528D950E1B3949E5007CFB37 /* AFURLSessionManager.m in Sources */,
				528D95081B3949E5007CFB37 /* AFHTTPSessionManager.m in Sources */,
				52149C481B34C6E300C525A0 /* TripHistoryViewController.m in Sources */,
				528D95091B3949E5007CFB37 /* AFNetworkReachabilityManager.m in Sources */,
				528D95181B3949E5007CFB37 /* SBJsonStreamWriterState.m in Sources */,
				528D95141B3949E5007CFB37 /* SBJsonStreamParserAdapter.m in Sources */,
				52149C3F1B3430C300C525A0 /* RDHelper.m in Sources */,
				528D95161B3949E5007CFB37 /* SBJsonStreamWriter.m in Sources */,
				528D951B1B3949E5007CFB37 /* SBJsonWriter.m in Sources */,
				528D950F1B3949E5007CFB37 /* Reachability.m in Sources */,
				528D950D1B3949E5007CFB37 /* AFURLResponseSerialization.m in Sources */,
				52FDB7221B40E1A000D6CBF3 /* TabbarViewController.m in Sources */,
				528D951A1B3949E5007CFB37 /* SBJsonUTF8Stream.m in Sources */,
				528D951E1B3949E5007CFB37 /* SVProgressHUD.m in Sources */,
				528D95191B3949E5007CFB37 /* SBJsonTokeniser.m in Sources */,
				528D95101B3949E5007CFB37 /* NSObject+SBJson.m in Sources */,
				528D950C1B3949E5007CFB37 /* AFURLRequestSerialization.m in Sources */,
				528D95151B3949E5007CFB37 /* SBJsonStreamParserState.m in Sources */,
				528D95111B3949E5007CFB37 /* SBJsonParser.m in Sources */,
				528D95251B395223007CFB37 /* HomeViewController.m in Sources */,
				528D95131B3949E5007CFB37 /* SBJsonStreamParserAccumulator.m in Sources */,
				528D951C1B3949E5007CFB37 /* SVIndefiniteAnimatedView.m in Sources */,
				528D952B1B395249007CFB37 /* RegisterViewController.m in Sources */,
				528D95121B3949E5007CFB37 /* SBJsonStreamParser.m in Sources */,
				528D950B1B3949E5007CFB37 /* AFURLConnectionOperation.m in Sources */,
				528D95071B3949E5007CFB37 /* AFHTTPRequestOperationManager.m in Sources */,
				52149C2F1B3424EE00C525A0 /* DrivePath.m in Sources */,
				5226296A1B31B8BB00747F43 /* AppDelegate.m in Sources */,
				528D950A1B3949E5007CFB37 /* AFSecurityPolicy.m in Sources */,
				52149C371B34288800C525A0 /* RecordDriveViewController.m in Sources */,
				5226293F1B31B7D500747F43 /* main.m in Sources */,
				528D95171B3949E5007CFB37 /* SBJsonStreamWriterAccumulator.m in Sources */,
				52149C4C1B34C71600C525A0 /* TripDetailViewController.m in Sources */,
			);
			runOnlyForDeploymentPostprocessing = 0;
		};
		5226294E1B31B7D500747F43 /* Sources */ = {
			isa = PBXSourcesBuildPhase;
			buildActionMask = 2147483647;
			files = (
				522629591B31B7D500747F43 /* H2_Tech_DriveTests.m in Sources */,
			);
			runOnlyForDeploymentPostprocessing = 0;
		};
/* End PBXSourcesBuildPhase section */

/* Begin PBXTargetDependency section */
		522629541B31B7D500747F43 /* PBXTargetDependency */ = {
			isa = PBXTargetDependency;
			target = 522629381B31B7D400747F43 /* H2 Tech Drive */;
			targetProxy = 522629531B31B7D500747F43 /* PBXContainerItemProxy */;
		};
/* End PBXTargetDependency section */

/* Begin PBXVariantGroup section */
		522629461B31B7D500747F43 /* Main.storyboard */ = {
			isa = PBXVariantGroup;
			children = (
				522629471B31B7D500747F43 /* Base */,
			);
			name = Main.storyboard;
			sourceTree = "<group>";
		};
		5226294B1B31B7D500747F43 /* LaunchScreen.xib */ = {
			isa = PBXVariantGroup;
			children = (
				5226294C1B31B7D500747F43 /* Base */,
			);
			name = LaunchScreen.xib;
			sourceTree = "<group>";
		};
/* End PBXVariantGroup section */

/* Begin XCBuildConfiguration section */
		5226295A1B31B7D500747F43 /* Debug */ = {
			isa = XCBuildConfiguration;
			buildSettings = {
				ALWAYS_SEARCH_USER_PATHS = NO;
				CLANG_CXX_LANGUAGE_STANDARD = "gnu++0x";
				CLANG_CXX_LIBRARY = "libc++";
				CLANG_ENABLE_MODULES = YES;
				CLANG_ENABLE_OBJC_ARC = YES;
				CLANG_WARN_BOOL_CONVERSION = YES;
				CLANG_WARN_CONSTANT_CONVERSION = YES;
				CLANG_WARN_DIRECT_OBJC_ISA_USAGE = YES_ERROR;
				CLANG_WARN_EMPTY_BODY = YES;
				CLANG_WARN_ENUM_CONVERSION = YES;
				CLANG_WARN_INT_CONVERSION = YES;
				CLANG_WARN_OBJC_ROOT_CLASS = YES_ERROR;
				CLANG_WARN_UNREACHABLE_CODE = YES;
				CLANG_WARN__DUPLICATE_METHOD_MATCH = YES;
				"CODE_SIGN_IDENTITY[sdk=iphoneos*]" = "iPhone Developer";
				COPY_PHASE_STRIP = NO;
				ENABLE_STRICT_OBJC_MSGSEND = YES;
				GCC_C_LANGUAGE_STANDARD = gnu99;
				GCC_DYNAMIC_NO_PIC = NO;
				GCC_OPTIMIZATION_LEVEL = 0;
				GCC_PREPROCESSOR_DEFINITIONS = (
					"DEBUG=1",
					"$(inherited)",
				);
				GCC_SYMBOLS_PRIVATE_EXTERN = NO;
				GCC_WARN_64_TO_32_BIT_CONVERSION = YES;
				GCC_WARN_ABOUT_RETURN_TYPE = YES_ERROR;
				GCC_WARN_UNDECLARED_SELECTOR = YES;
				GCC_WARN_UNINITIALIZED_AUTOS = YES_AGGRESSIVE;
				GCC_WARN_UNUSED_FUNCTION = YES;
				GCC_WARN_UNUSED_VARIABLE = YES;
				IPHONEOS_DEPLOYMENT_TARGET = 8.1;
				MTL_ENABLE_DEBUG_INFO = YES;
				ONLY_ACTIVE_ARCH = YES;
				SDKROOT = iphoneos;
				TARGETED_DEVICE_FAMILY = "1,2";
			};
			name = Debug;
		};
		5226295B1B31B7D500747F43 /* Release */ = {
			isa = XCBuildConfiguration;
			buildSettings = {
				ALWAYS_SEARCH_USER_PATHS = NO;
				CLANG_CXX_LANGUAGE_STANDARD = "gnu++0x";
				CLANG_CXX_LIBRARY = "libc++";
				CLANG_ENABLE_MODULES = YES;
				CLANG_ENABLE_OBJC_ARC = YES;
				CLANG_WARN_BOOL_CONVERSION = YES;
				CLANG_WARN_CONSTANT_CONVERSION = YES;
				CLANG_WARN_DIRECT_OBJC_ISA_USAGE = YES_ERROR;
				CLANG_WARN_EMPTY_BODY = YES;
				CLANG_WARN_ENUM_CONVERSION = YES;
				CLANG_WARN_INT_CONVERSION = YES;
				CLANG_WARN_OBJC_ROOT_CLASS = YES_ERROR;
				CLANG_WARN_UNREACHABLE_CODE = YES;
				CLANG_WARN__DUPLICATE_METHOD_MATCH = YES;
				"CODE_SIGN_IDENTITY[sdk=iphoneos*]" = "iPhone Developer";
				COPY_PHASE_STRIP = YES;
				ENABLE_NS_ASSERTIONS = NO;
				ENABLE_STRICT_OBJC_MSGSEND = YES;
				GCC_C_LANGUAGE_STANDARD = gnu99;
				GCC_WARN_64_TO_32_BIT_CONVERSION = YES;
				GCC_WARN_ABOUT_RETURN_TYPE = YES_ERROR;
				GCC_WARN_UNDECLARED_SELECTOR = YES;
				GCC_WARN_UNINITIALIZED_AUTOS = YES_AGGRESSIVE;
				GCC_WARN_UNUSED_FUNCTION = YES;
				GCC_WARN_UNUSED_VARIABLE = YES;
				IPHONEOS_DEPLOYMENT_TARGET = 8.1;
				MTL_ENABLE_DEBUG_INFO = NO;
				SDKROOT = iphoneos;
				TARGETED_DEVICE_FAMILY = "1,2";
				VALIDATE_PRODUCT = YES;
			};
			name = Release;
		};
		5226295D1B31B7D500747F43 /* Debug */ = {
			isa = XCBuildConfiguration;
			buildSettings = {
				ASSETCATALOG_COMPILER_APPICON_NAME = AppIcon;
				CODE_SIGN_IDENTITY = "iPhone Developer: L White (GW2472LCYZ)";
				INFOPLIST_FILE = "H2 Tech Drive/Info.plist";
				IPHONEOS_DEPLOYMENT_TARGET = 7.0;
				LD_RUNPATH_SEARCH_PATHS = "$(inherited) @executable_path/Frameworks";
				PRODUCT_NAME = "$(TARGET_NAME)";
				PROVISIONING_PROFILE = "8ec7fe78-d5ab-4d02-9169-6db2232e29bf";
			};
			name = Debug;
		};
		5226295E1B31B7D500747F43 /* Release */ = {
			isa = XCBuildConfiguration;
			buildSettings = {
				ASSETCATALOG_COMPILER_APPICON_NAME = AppIcon;
				CODE_SIGN_IDENTITY = "iPhone Developer: L White (GW2472LCYZ)";
				INFOPLIST_FILE = "H2 Tech Drive/Info.plist";
				IPHONEOS_DEPLOYMENT_TARGET = 7.0;
				LD_RUNPATH_SEARCH_PATHS = "$(inherited) @executable_path/Frameworks";
				PRODUCT_NAME = "$(TARGET_NAME)";
				PROVISIONING_PROFILE = "8ec7fe78-d5ab-4d02-9169-6db2232e29bf";
			};
			name = Release;
		};
		522629601B31B7D500747F43 /* Debug */ = {
			isa = XCBuildConfiguration;
			buildSettings = {
				BUNDLE_LOADER = "$(TEST_HOST)";
				FRAMEWORK_SEARCH_PATHS = (
					"$(SDKROOT)/Developer/Library/Frameworks",
					"$(inherited)",
				);
				GCC_PREPROCESSOR_DEFINITIONS = (
					"DEBUG=1",
					"$(inherited)",
				);
				INFOPLIST_FILE = "H2 Tech DriveTests/Info.plist";
				LD_RUNPATH_SEARCH_PATHS = "$(inherited) @executable_path/Frameworks @loader_path/Frameworks";
				PRODUCT_NAME = "$(TARGET_NAME)";
				TEST_HOST = "$(BUILT_PRODUCTS_DIR)/H2 Tech Drive.app/H2 Tech Drive";
			};
			name = Debug;
		};
		522629611B31B7D500747F43 /* Release */ = {
			isa = XCBuildConfiguration;
			buildSettings = {
				BUNDLE_LOADER = "$(TEST_HOST)";
				FRAMEWORK_SEARCH_PATHS = (
					"$(SDKROOT)/Developer/Library/Frameworks",
					"$(inherited)",
				);
				INFOPLIST_FILE = "H2 Tech DriveTests/Info.plist";
				LD_RUNPATH_SEARCH_PATHS = "$(inherited) @executable_path/Frameworks @loader_path/Frameworks";
				PRODUCT_NAME = "$(TARGET_NAME)";
				TEST_HOST = "$(BUILT_PRODUCTS_DIR)/H2 Tech Drive.app/H2 Tech Drive";
			};
			name = Release;
		};
/* End XCBuildConfiguration section */

/* Begin XCConfigurationList section */
		522629341B31B7D400747F43 /* Build configuration list for PBXProject "H2 Tech Drive" */ = {
			isa = XCConfigurationList;
			buildConfigurations = (
				5226295A1B31B7D500747F43 /* Debug */,
				5226295B1B31B7D500747F43 /* Release */,
			);
			defaultConfigurationIsVisible = 0;
			defaultConfigurationName = Release;
		};
		5226295C1B31B7D500747F43 /* Build configuration list for PBXNativeTarget "H2 Tech Drive" */ = {
			isa = XCConfigurationList;
			buildConfigurations = (
				5226295D1B31B7D500747F43 /* Debug */,
				5226295E1B31B7D500747F43 /* Release */,
			);
			defaultConfigurationIsVisible = 0;
			defaultConfigurationName = Release;
		};
		5226295F1B31B7D500747F43 /* Build configuration list for PBXNativeTarget "H2 Tech DriveTests" */ = {
			isa = XCConfigurationList;
			buildConfigurations = (
				522629601B31B7D500747F43 /* Debug */,
				522629611B31B7D500747F43 /* Release */,
			);
			defaultConfigurationIsVisible = 0;
			defaultConfigurationName = Release;
		};
/* End XCConfigurationList section */
	};
	rootObject = 522629311B31B7D400747F43 /* Project object */;
}
